
Microsoft Visual Studio Solution File, Format Version 12.00
# Visual Studio Version 17
VisualStudioVersion = 17.3.32825.248
MinimumVisualStudioVersion = 10.0.40219.1
Project("{FAE04EC0-301F-11D3-BF4B-00C04F79EFBC}") = "SignalRChat", "SignalRChat.csproj", "{18C5A293-3662-4BC6-B4A5-5A78570F0DB1}"
EndProject
Global
	GlobalSection(SolutionConfigurationPlatforms) = preSolution
		Debug|Any CPU = Debug|Any CPU
		Release|Any CPU = Release|Any CPU
	EndGlobalSection
	GlobalSection(ProjectConfigurationPlatforms) = postSolution
		{18C5A293-3662-4BC6-B4A5-5A78570F0DB1}.Debug|Any CPU.ActiveCfg = Debug|Any CPU
		{18C5A293-3662-4BC6-B4A5-5A78570F0DB1}.Debug|Any CPU.Build.0 = Debug|Any CPU
		{18C5A293-3662-4BC6-B4A5-5A78570F0DB1}.Release|Any CPU.ActiveCfg = Release|Any CPU
		{18C5A293-3662-4BC6-B4A5-5A78570F0DB1}.Release|Any CPU.Build.0 = Release|Any CPU
	EndGlobalSection
	GlobalSection(SolutionProperties) = preSolution
		HideSolutionNode = FALSE
	EndGlobalSection
	GlobalSection(ExtensibilityGlobals) = postSolution
		SolutionGuid = {EFCB5E6C-B01D-4974-8376-FAF356673915}
	EndGlobalSection
EndGlobal
